// !$*UTF8*$!
{
	archiveVersion = 1;
	classes = {
	};
	objectVersion = 77;
	objects = {

/* Begin PBXBuildFile section */
		CA085C052FE247F2000F30E0 /* AnalyticsEngine.swift in Sources */ = {isa = PBXBuildFile; fileRef = CA085C042FE247F2000F30E0 /* AnalyticsEngine.swift */; };
		CA085C072FE24829000F30E0 /* SharedTextUtilities.swift in Sources */ = {isa = PBXBuildFile; fileRef = CA085C062FE24829000F30E0 /* SharedTextUtilities.swift */; };
		CA085C1D2FE24AB5000F30E0 /* DataIntegrityValidator.swift in Sources */ = {isa = PBXBuildFile; fileRef = CA085C1C2FE24AB5000F30E0 /* DataIntegrityValidator.swift */; };
		CA085C1F2FE25EA3000F30E0 /* LibraryView.swift in Sources */ = {isa = PBXBuildFile; fileRef = CA085C1E2FE25EA3000F30E0 /* LibraryView.swift */; };
		CA085C212FE290E5000F30E0 /* EstimationEngine.swift in Sources */ = {isa = PBXBuildFile; fileRef = CA085C202FE290E5000F30E0 /* EstimationEngine.swift */; };
		CA085C232FE2A57D000F30E0 /* PredictiveRecommendationEngine.swift in Sources */ = {isa = PBXBuildFile; fileRef = CA085C222FE2A57D000F30E0 /* PredictiveRecommendationEngine.swift */; };
		CA146D5530049E1300D23D3D /* Book2.swift in Sources */ = {isa = PBXBuildFile; fileRef = CA146D5430049E1300D23D3D /* Book2.swift */; };
		CA146D5730049E8600D23D3D /* LibraryFilterState.swift in Sources */ = {isa = PBXBuildFile; fileRef = CA146D5630049E8600D23D3D /* LibraryFilterState.swift */; };
		CA146D5930049EC900D23D3D /* LibraryFilterSidebarView.swift in Sources */ = {isa = PBXBuildFile; fileRef = CA146D5830049EC900D23D3D /* LibraryFilterSidebarView.swift */; };
		CA272B662FE05F8D0031387F /* ZIPFoundation in Frameworks */ = {isa = PBXBuildFile; productRef = CA272B652FE05F8D0031387F /* ZIPFoundation */; };
		CA272B772FE068150031387F /* Reading-Tracker-Info.plist in Resources */ = {isa = PBXBuildFile; fileRef = CA272B762FE068150031387F /* Reading-Tracker-Info.plist */; };
		CA2D07C63005E58B0056F50E /* EnvironmentBackgroundView2.swift in Sources */ = {isa = PBXBuildFile; fileRef = CA2D07C53005E58B0056F50E /* EnvironmentBackgroundView2.swift */; };
		CA2D07C83005E5C70056F50E /* SpatialLibraryView2.swift in Sources */ = {isa = PBXBuildFile; fileRef = CA2D07C73005E5C70056F50E /* SpatialLibraryView2.swift */; };
		CA2D07CA3005E6A50056F50E /* FloatingClusterView2.swift in Sources */ = {isa = PBXBuildFile; fileRef = CA2D07C93005E6A50056F50E /* FloatingClusterView2.swift */; };
		CA2D07CC3005E7070056F50E /* ShallowPerspectiveView2.swift in Sources */ = {isa = PBXBuildFile; fileRef = CA2D07CB3005E7070056F50E /* ShallowPerspectiveView2.swift */; };
		CA2D07CE3005E7280056F50E /* SpatialNavigatorCard2.swift in Sources */ = {isa = PBXBuildFile; fileRef = CA2D07CD3005E7280056F50E /* SpatialNavigatorCard2.swift */; };
		CA2D07D03005E7410056F50E /* SpatialNavigatorView2.swift in Sources */ = {isa = PBXBuildFile; fileRef = CA2D07CF3005E7410056F50E /* SpatialNavigatorView2.swift */; };
		CA2D07D23005E7590056F50E /* LibraryExplorerView2.swift in Sources */ = {isa = PBXBuildFile; fileRef = CA2D07D13005E7590056F50E /* LibraryExplorerView2.swift */; };
		CA31FFA42FFC72B800CE6822 /* EPUBReaderScreen.swift in Sources */ = {isa = PBXBuildFile; fileRef = CA31FFA32FFC72B800CE6822 /* EPUBReaderScreen.swift */; };
		CA31FFA62FFC72D200CE6822 /* EPUBPackage.swift in Sources */ = {isa = PBXBuildFile; fileRef = CA31FFA52FFC72D200CE6822 /* EPUBPackage.swift */; };
		CA3DE8F72FFDA1E500F26559 /* PDFReaderView2.swift in Sources */ = {isa = PBXBuildFile; fileRef = CA3DE8F62FFDA1E500F26559 /* PDFReaderView2.swift */; };
		CA4D58332FFAAF37003FEF6D /* BehavioralCategory.swift in Sources */ = {isa = PBXBuildFile; fileRef = CA4D58322FFAAF37003FEF6D /* BehavioralCategory.swift */; };
		CA50059A2FE3D70E004D6526 /* WeatherAnalysisEngine.swift in Sources */ = {isa = PBXBuildFile; fileRef = CA5005992FE3D70E004D6526 /* WeatherAnalysisEngine.swift */; };
		CA6350DF30044858006266D6 /* BookVisualState.swift in Sources */ = {isa = PBXBuildFile; fileRef = CA6350DE30044858006266D6 /* BookVisualState.swift */; };
		CA6350E13004486B006266D6 /* AdaptiveLayoutTier.swift in Sources */ = {isa = PBXBuildFile; fileRef = CA6350E03004486B006266D6 /* AdaptiveLayoutTier.swift */; };
		CA6350E330044884006266D6 /* BookCoverCardView.swift in Sources */ = {isa = PBXBuildFile; fileRef = CA6350E230044884006266D6 /* BookCoverCardView.swift */; };
		CA6F509B2FE6963600973E2F /* OnlineBook.swift in Sources */ = {isa = PBXBuildFile; fileRef = CA6F509A2FE6963600973E2F /* OnlineBook.swift */; };
		CA6F509D2FE696AB00973E2F /* OnlineBookProvider.swift in Sources */ = {isa = PBXBuildFile; fileRef = CA6F509C2FE696AB00973E2F /* OnlineBookProvider.swift */; };
		CA6F509F2FE696FE00973E2F /* OpenLibraryProvider.swift in Sources */ = {isa = PBXBuildFile; fileRef = CA6F509E2FE696FE00973E2F /* OpenLibraryProvider.swift */; };
		CA6F50A12FE6971C00973E2F /* GutenbergProvider.swift in Sources */ = {isa = PBXBuildFile; fileRef = CA6F50A02FE6971C00973E2F /* GutenbergProvider.swift */; };
		CA6F50A32FE6975F00973E2F /* OnlineBookDiscoveryService.swift in Sources */ = {isa = PBXBuildFile; fileRef = CA6F50A22FE6975F00973E2F /* OnlineBookDiscoveryService.swift */; };
		CA6F50A52FE697AF00973E2F /* OnlineBookDiscoveryViewModel.swift in Sources */ = {isa = PBXBuildFile; fileRef = CA6F50A42FE697AF00973E2F /* OnlineBookDiscoveryViewModel.swift */; };
		CA6F50A72FE697F800973E2F /* OnlineBookRow.swift in Sources */ = {isa = PBXBuildFile; fileRef = CA6F50A62FE697F800973E2F /* OnlineBookRow.swift */; };
		CA6F50A92FE6988700973E2F /* OnlineBookDetailView.swift in Sources */ = {isa = PBXBuildFile; fileRef = CA6F50A82FE6988700973E2F /* OnlineBookDetailView.swift */; };
		CA6F50AB2FE698B400973E2F /* OnlineBookSearchDrawer.swift in Sources */ = {isa = PBXBuildFile; fileRef = CA6F50AA2FE698B400973E2F /* OnlineBookSearchDrawer.swift */; };
		CA6F50AD2FE698EB00973E2F /* BookDiscoveryView.swift in Sources */ = {isa = PBXBuildFile; fileRef = CA6F50AC2FE698EB00973E2F /* BookDiscoveryView.swift */; };
		CA841D012FE2C65A00D98641 /* IntelligentNotificationEngine.swift in Sources */ = {isa = PBXBuildFile; fileRef = CA841D002FE2C65A00D98641 /* IntelligentNotificationEngine.swift */; };
		CA8D795930038A01008DBDCF /* EnvironmentMath.swift in Sources */ = {isa = PBXBuildFile; fileRef = CA8D795830038A01008DBDCF /* EnvironmentMath.swift */; };
		CA8D795B30038A2D008DBDCF /* EnvironmentColor.swift in Sources */ = {isa = PBXBuildFile; fileRef = CA8D795A30038A2D008DBDCF /* EnvironmentColor.swift */; };
		CA8D795D30038A64008DBDCF /* EnvironmentAnchorPeriod.swift in Sources */ = {isa = PBXBuildFile; fileRef = CA8D795C30038A64008DBDCF /* EnvironmentAnchorPeriod.swift */; };
		CA8D795F30038A8A008DBDCF /* EnvironmentPalette.swift in Sources */ = {isa = PBXBuildFile; fileRef = CA8D795E30038A8A008DBDCF /* EnvironmentPalette.swift */; };
		CA8D796130038ACC008DBDCF /* EnvironmentState.swift in Sources */ = {isa = PBXBuildFile; fileRef = CA8D796030038ACC008DBDCF /* EnvironmentState.swift */; };
		CA8D796530038B24008DBDCF /* Star.swift in Sources */ = {isa = PBXBuildFile; fileRef = CA8D796430038B24008DBDCF /* Star.swift */; };
		CA8D796730038C8D008DBDCF /* StarField.swift in Sources */ = {isa = PBXBuildFile; fileRef = CA8D796630038C8D008DBDCF /* StarField.swift */; };
		CA8D796930038CBE008DBDCF /* ShootingStar.swift in Sources */ = {isa = PBXBuildFile; fileRef = CA8D796830038CBE008DBDCF /* ShootingStar.swift */; };
		CA8D796B30038CDF008DBDCF /* ShootingStarManager.swift in Sources */ = {isa = PBXBuildFile; fileRef = CA8D796A30038CDF008DBDCF /* ShootingStarManager.swift */; };
		CA8D796D30038CFC008DBDCF /* ShootingStarView.swift in Sources */ = {isa = PBXBuildFile; fileRef = CA8D796C30038CFC008DBDCF /* ShootingStarView.swift */; };
		CA8D796F30038D32008DBDCF /* WeatherEnvironmentModifier.swift in Sources */ = {isa = PBXBuildFile; fileRef = CA8D796E30038D32008DBDCF /* WeatherEnvironmentModifier.swift */; };
		CA8D797330038D79008DBDCF /* StarFieldView.swift in Sources */ = {isa = PBXBuildFile; fileRef = CA8D797230038D79008DBDCF /* StarFieldView.swift */; };
		CAA892DE2FF2646F0097D855 /* BehaviorEvidenceBuilder.swift in Sources */ = {isa = PBXBuildFile; fileRef = CAA892DD2FF2646F0097D855 /* BehaviorEvidenceBuilder.swift */; };
		CAA892E22FF265050097D855 /* ReadingInsightsDashboard.swift in Sources */ = {isa = PBXBuildFile; fileRef = CAA892E12FF265050097D855 /* ReadingInsightsDashboard.swift */; };
		CAA892E42FF265530097D855 /* AchievementPanel.swift in Sources */ = {isa = PBXBuildFile; fileRef = CAA892E32FF265530097D855 /* AchievementPanel.swift */; };
		CAA892E62FF2657A0097D855 /* GoalsDashboard.swift in Sources */ = {isa = PBXBuildFile; fileRef = CAA892E52FF2657A0097D855 /* GoalsDashboard.swift */; };
		CAA892E82FF265AA0097D855 /* RecommendationPanel2.swift in Sources */ = {isa = PBXBuildFile; fileRef = CAA892E72FF265AA0097D855 /* RecommendationPanel2.swift */; };
		CAA892EA2FF265CB0097D855 /* SessionHistoryView.swift in Sources */ = {isa = PBXBuildFile; fileRef = CAA892E92FF265CB0097D855 /* SessionHistoryView.swift */; };
		CAA892EE2FF266210097D855 /* ContextInsightPanel.swift in Sources */ = {isa = PBXBuildFile; fileRef = CAA892ED2FF266210097D855 /* ContextInsightPanel.swift */; };
		CAC092C42FEA5AA9009416CE /* AudioSnapshot.swift in Sources */ = {isa = PBXBuildFile; fileRef = CAC092C32FEA5AA9009416CE /* AudioSnapshot.swift */; };
		CAC092C82FEA5B09009416CE /* MusicalAnalysisEngine.swift in Sources */ = {isa = PBXBuildFile; fileRef = CAC092C72FEA5B09009416CE /* MusicalAnalysisEngine.swift */; };
		CAC092CA2FEA5B3C009416CE /* AudioTrackerMetadata2.swift in Sources */ = {isa = PBXBuildFile; fileRef = CAC092C92FEA5B3C009416CE /* AudioTrackerMetadata2.swift */; };
		CAC092CC2FEA5B68009416CE /* AnnualReportArchiveView2.swift in Sources */ = {isa = PBXBuildFile; fileRef = CAC092CB2FEA5B68009416CE /* AnnualReportArchiveView2.swift */; };
		CAC092CE2FEA5BAC009416CE /* AnnualReportData2.swift in Sources */ = {isa = PBXBuildFile; fileRef = CAC092CD2FEA5BAC009416CE /* AnnualReportData2.swift */; };
		CACE4CF93000A3E200DEBD96 /* DataMaturityEngine.swift in Sources */ = {isa = PBXBuildFile; fileRef = CACE4CF83000A3E200DEBD96 /* DataMaturityEngine.swift */; };
		CACE4CFB3000A43700DEBD96 /* DataMaturityEngineAdapters.swift in Sources */ = {isa = PBXBuildFile; fileRef = CACE4CFA3000A43700DEBD96 /* DataMaturityEngineAdapters.swift */; };
		CACE4D0B3000A59400DEBD96 /* WeatherInsightPanel2.swift in Sources */ = {isa = PBXBuildFile; fileRef = CACE4D0A3000A59400DEBD96 /* WeatherInsightPanel2.swift */; };
		CACE4D0D3000A5C400DEBD96 /* InsightEngine.swift in Sources */ = {isa = PBXBuildFile; fileRef = CACE4D0C3000A5C400DEBD96 /* InsightEngine.swift */; };
		CADDFA542FE521DB006C81C0 /* AnnualReportView.swift in Sources */ = {isa = PBXBuildFile; fileRef = CADDFA532FE521DB006C81C0 /* AnnualReportView.swift */; };
		CADDFA582FE52268006C81C0 /* NewYearTransitionMonitor.swift in Sources */ = {isa = PBXBuildFile; fileRef = CADDFA572FE52268006C81C0 /* NewYearTransitionMonitor.swift */; };
		CAEB7DFD2FE11CA20068BD25 /* BookImporter.swift in Sources */ = {isa = PBXBuildFile; fileRef = CAEB7DFC2FE11CA20068BD25 /* BookImporter.swift */; };
		CAFDA368300812B500675B78 /* DeveloperConsoleTypes.swift in Sources */ = {isa = PBXBuildFile; fileRef = CAFDA367300812B500675B78 /* DeveloperConsoleTypes.swift */; };
		CAFDA36A300812DC00675B78 /* DeveloperConsoleObservable.swift in Sources */ = {isa = PBXBuildFile; fileRef = CAFDA369300812DC00675B78 /* DeveloperConsoleObservable.swift */; };
		CAFDA36C300812F700675B78 /* DeveloperConsoleRegistry.swift in Sources */ = {isa = PBXBuildFile; fileRef = CAFDA36B300812F700675B78 /* DeveloperConsoleRegistry.swift */; };
		CAFDA36E3008131000675B78 /* DeveloperConsoleSystemMetrics.swift in Sources */ = {isa = PBXBuildFile; fileRef = CAFDA36D3008131000675B78 /* DeveloperConsoleSystemMetrics.swift */; };
		CAFDA3703008132800675B78 /* DeveloperConsoleRootView.swift in Sources */ = {isa = PBXBuildFile; fileRef = CAFDA36F3008132800675B78 /* DeveloperConsoleRootView.swift */; };
		CAFDA3723008135200675B78 /* DeveloperConsoleDashboardView.swift in Sources */ = {isa = PBXBuildFile; fileRef = CAFDA3713008135200675B78 /* DeveloperConsoleDashboardView.swift */; };
		CAFDA376300813A800675B78 /* DataStore3.swift in Sources */ = {isa = PBXBuildFile; fileRef = CAFDA375300813A800675B78 /* DataStore3.swift */; };
		CAFDA378300813F400675B78 /* SessionCoordinator2.swift in Sources */ = {isa = PBXBuildFile; fileRef = CAFDA377300813F400675B78 /* SessionCoordinator2.swift */; };
		CAFDA37A3008144200675B78 /* SessionEventRouter2.swift in Sources */ = {isa = PBXBuildFile; fileRef = CAFDA3793008144200675B78 /* SessionEventRouter2.swift */; };
		CAFDA37C3008147900675B78 /* EnvironmentEngine2.swift in Sources */ = {isa = PBXBuildFile; fileRef = CAFDA37B3008147900675B78 /* EnvironmentEngine2.swift */; };
		CAFDA37E300814A900675B78 /* ReadingGoalManager2.swift in Sources */ = {isa = PBXBuildFile; fileRef = CAFDA37D300814A900675B78 /* ReadingGoalManager2.swift */; };
		CAFDA380300814E700675B78 /* WeatherKitService2.swift in Sources */ = {isa = PBXBuildFile; fileRef = CAFDA37F300814E700675B78 /* WeatherKitService2.swift */; };
		CAFDA3823008152F00675B78 /* NotificationScheduler2.swift in Sources */ = {isa = PBXBuildFile; fileRef = CAFDA3813008152F00675B78 /* NotificationScheduler2.swift */; };
		CAFDA3843008156600675B78 /* BehaviorContextEngine2.swift in Sources */ = {isa = PBXBuildFile; fileRef = CAFDA3833008156600675B78 /* BehaviorContextEngine2.swift */; };
		CAFDA392300815F900675B78 /* AchievementEngine2.swift in Sources */ = {isa = PBXBuildFile; fileRef = CAFDA391300815F900675B78 /* AchievementEngine2.swift */; };
/* End PBXBuildFile section */

/* Begin PBXContainerItemProxy section */
		CA272B372FE04E920031387F /* PBXContainerItemProxy */ = {
			isa = PBXContainerItemProxy;
			containerPortal = CA272B1F2FE04E910031387F /* Project object */;
			proxyType = 1;
			remoteGlobalIDString = CA272B262FE04E910031387F;
			remoteInfo = "Reading Tracker";
		};
		CA272B412FE04E920031387F /* PBXContainerItemProxy */ = {
			isa = PBXContainerItemProxy;
			containerPortal = CA272B1F2FE04E910031387F /* Project object */;
			proxyType = 1;
			remoteGlobalIDString = CA272B262FE04E910031387F;
			remoteInfo = "Reading Tracker";
		};
/* End PBXContainerItemProxy section */

/* Begin PBXFileReference section */
		CA085C042FE247F2000F30E0 /* AnalyticsEngine.swift */ = {isa = PBXFileReference; lastKnownFileType = sourcecode.swift; path = AnalyticsEngine.swift; sourceTree = "<group>"; };
		CA085C062FE24829000F30E0 /* SharedTextUtilities.swift */ = {isa = PBXFileReference; lastKnownFileType = sourcecode.swift; path = SharedTextUtilities.swift; sourceTree = "<group>"; };
		CA085C1C2FE24AB5000F30E0 /* DataIntegrityValidator.swift */ = {isa = PBXFileReference; lastKnownFileType = sourcecode.swift; path = DataIntegrityValidator.swift; sourceTree = "<group>"; };
		CA085C1E2FE25EA3000F30E0 /* LibraryView.swift */ = {isa = PBXFileReference; lastKnownFileType = sourcecode.swift; path = LibraryView.swift; sourceTree = "<group>"; };
		CA085C202FE290E5000F30E0 /* EstimationEngine.swift */ = {isa = PBXFileReference; lastKnownFileType = sourcecode.swift; path = EstimationEngine.swift; sourceTree = "<group>"; };
		CA085C222FE2A57D000F30E0 /* PredictiveRecommendationEngine.swift */ = {isa = PBXFileReference; lastKnownFileType = sourcecode.swift; path = PredictiveRecommendationEngine.swift; sourceTree = "<group>"; };
		CA146D5430049E1300D23D3D /* Book2.swift */ = {isa = PBXFileReference; lastKnownFileType = sourcecode.swift; path = Book2.swift; sourceTree = "<group>"; };
		CA146D5630049E8600D23D3D /* LibraryFilterState.swift */ = {isa = PBXFileReference; lastKnownFileType = sourcecode.swift; path = LibraryFilterState.swift; sourceTree = "<group>"; };
		CA146D5830049EC900D23D3D /* LibraryFilterSidebarView.swift */ = {isa = PBXFileReference; lastKnownFileType = sourcecode.swift; path = LibraryFilterSidebarView.swift; sourceTree = "<group>"; };
		CA272B272FE04E910031387F /* Reading Tracker.app */ = {isa = PBXFileReference; explicitFileType = wrapper.application; includeInIndex = 0; path = "Reading Tracker.app"; sourceTree = BUILT_PRODUCTS_DIR; };
		CA272B362FE04E920031387F /* Reading TrackerTests.xctest */ = {isa = PBXFileReference; explicitFileType = wrapper.cfbundle; includeInIndex = 0; path = "Reading TrackerTests.xctest"; sourceTree = BUILT_PRODUCTS_DIR; };
		CA272B402FE04E920031387F /* Reading TrackerUITests.xctest */ = {isa = PBXFileReference; explicitFileType = wrapper.cfbundle; includeInIndex = 0; path = "Reading TrackerUITests.xctest"; sourceTree = BUILT_PRODUCTS_DIR; };
		CA272B762FE068150031387F /* Reading-Tracker-Info.plist */ = {isa = PBXFileReference; lastKnownFileType = text.plist.xml; path = "Reading-Tracker-Info.plist"; sourceTree = "<group>"; };
		CA2D07C53005E58B0056F50E /* EnvironmentBackgroundView2.swift */ = {isa = PBXFileReference; lastKnownFileType = sourcecode.swift; path = EnvironmentBackgroundView2.swift; sourceTree = "<group>"; };
		CA2D07C73005E5C70056F50E /* SpatialLibraryView2.swift */ = {isa = PBXFileReference; lastKnownFileType = sourcecode.swift; path = SpatialLibraryView2.swift; sourceTree = "<group>"; };
		CA2D07C93005E6A50056F50E /* FloatingClusterView2.swift */ = {isa = PBXFileReference; lastKnownFileType = sourcecode.swift; path = FloatingClusterView2.swift; sourceTree = "<group>"; };
		CA2D07CB3005E7070056F50E /* ShallowPerspectiveView2.swift */ = {isa = PBXFileReference; lastKnownFileType = sourcecode.swift; path = ShallowPerspectiveView2.swift; sourceTree = "<group>"; };
		CA2D07CD3005E7280056F50E /* SpatialNavigatorCard2.swift */ = {isa = PBXFileReference; lastKnownFileType = sourcecode.swift; path = SpatialNavigatorCard2.swift; sourceTree = "<group>"; };
		CA2D07CF3005E7410056F50E /* SpatialNavigatorView2.swift */ = {isa = PBXFileReference; lastKnownFileType = sourcecode.swift; path = SpatialNavigatorView2.swift; sourceTree = "<group>"; };
		CA2D07D13005E7590056F50E /* LibraryExplorerView2.swift */ = {isa = PBXFileReference; lastKnownFileType = sourcecode.swift; path = LibraryExplorerView2.swift; sourceTree = "<group>"; };
		CA31FFA32FFC72B800CE6822 /* EPUBReaderScreen.swift */ = {isa = PBXFileReference; lastKnownFileType = sourcecode.swift; path = EPUBReaderScreen.swift; sourceTree = "<group>"; };
		CA31FFA52FFC72D200CE6822 /* EPUBPackage.swift */ = {isa = PBXFileReference; lastKnownFileType = sourcecode.swift; path = EPUBPackage.swift; sourceTree = "<group>"; };
		CA3DE8F62FFDA1E500F26559 /* PDFReaderView2.swift */ = {isa = PBXFileReference; lastKnownFileType = sourcecode.swift; path = PDFReaderView2.swift; sourceTree = "<group>"; };
		CA4D58322FFAAF37003FEF6D /* BehavioralCategory.swift */ = {isa = PBXFileReference; lastKnownFileType = sourcecode.swift; path = BehavioralCategory.swift; sourceTree = "<group>"; };
		CA5005992FE3D70E004D6526 /* WeatherAnalysisEngine.swift */ = {isa = PBXFileReference; lastKnownFileType = sourcecode.swift; path = WeatherAnalysisEngine.swift; sourceTree = "<group>"; };
		CA6350DE30044858006266D6 /* BookVisualState.swift */ = {isa = PBXFileReference; lastKnownFileType = sourcecode.swift; path = BookVisualState.swift; sourceTree = "<group>"; };
		CA6350E03004486B006266D6 /* AdaptiveLayoutTier.swift */ = {isa = PBXFileReference; lastKnownFileType = sourcecode.swift; path = AdaptiveLayoutTier.swift; sourceTree = "<group>"; };
		CA6350E230044884006266D6 /* BookCoverCardView.swift */ = {isa = PBXFileReference; lastKnownFileType = sourcecode.swift; path = BookCoverCardView.swift; sourceTree = "<group>"; };
		CA6F509A2FE6963600973E2F /* OnlineBook.swift */ = {isa = PBXFileReference; lastKnownFileType = sourcecode.swift; path = OnlineBook.swift; sourceTree = "<group>"; };
		CA6F509C2FE696AB00973E2F /* OnlineBookProvider.swift */ = {isa = PBXFileReference; lastKnownFileType = sourcecode.swift; path = OnlineBookProvider.swift; sourceTree = "<group>"; };
		CA6F509E2FE696FE00973E2F /* OpenLibraryProvider.swift */ = {isa = PBXFileReference; lastKnownFileType = sourcecode.swift; path = OpenLibraryProvider.swift; sourceTree = "<group>"; };
		CA6F50A02FE6971C00973E2F /* GutenbergProvider.swift */ = {isa = PBXFileReference; lastKnownFileType = sourcecode.swift; path = GutenbergProvider.swift; sourceTree = "<group>"; };
		CA6F50A22FE6975F00973E2F /* OnlineBookDiscoveryService.swift */ = {isa = PBXFileReference; lastKnownFileType = sourcecode.swift; path = OnlineBookDiscoveryService.swift; sourceTree = "<group>"; };
		CA6F50A42FE697AF00973E2F /* OnlineBookDiscoveryViewModel.swift */ = {isa = PBXFileReference; lastKnownFileType = sourcecode.swift; path = OnlineBookDiscoveryViewModel.swift; sourceTree = "<group>"; };
		CA6F50A62FE697F800973E2F /* OnlineBookRow.swift */ = {isa = PBXFileReference; lastKnownFileType = sourcecode.swift; path = OnlineBookRow.swift; sourceTree = "<group>"; };
		CA6F50A82FE6988700973E2F /* OnlineBookDetailView.swift */ = {isa = PBXFileReference; lastKnownFileType = sourcecode.swift; path = OnlineBookDetailView.swift; sourceTree = "<group>"; };
		CA6F50AA2FE698B400973E2F /* OnlineBookSearchDrawer.swift */ = {isa = PBXFileReference; lastKnownFileType = sourcecode.swift; path = OnlineBookSearchDrawer.swift; sourceTree = "<group>"; };
		CA6F50AC2FE698EB00973E2F /* BookDiscoveryView.swift */ = {isa = PBXFileReference; lastKnownFileType = sourcecode.swift; path = BookDiscoveryView.swift; sourceTree = "<group>"; };
		CA841D002FE2C65A00D98641 /* IntelligentNotificationEngine.swift */ = {isa = PBXFileReference; lastKnownFileType = sourcecode.swift; path = IntelligentNotificationEngine.swift; sourceTree = "<group>"; };
		CA8D795830038A01008DBDCF /* EnvironmentMath.swift */ = {isa = PBXFileReference; lastKnownFileType = sourcecode.swift; path = EnvironmentMath.swift; sourceTree = "<group>"; };
		CA8D795A30038A2D008DBDCF /* EnvironmentColor.swift */ = {isa = PBXFileReference; lastKnownFileType = sourcecode.swift; path = EnvironmentColor.swift; sourceTree = "<group>"; };
		CA8D795C30038A64008DBDCF /* EnvironmentAnchorPeriod.swift */ = {isa = PBXFileReference; lastKnownFileType = sourcecode.swift; path = EnvironmentAnchorPeriod.swift; sourceTree = "<group>"; };
		CA8D795E30038A8A008DBDCF /* EnvironmentPalette.swift */ = {isa = PBXFileReference; lastKnownFileType = sourcecode.swift; path = EnvironmentPalette.swift; sourceTree = "<group>"; };
		CA8D796030038ACC008DBDCF /* EnvironmentState.swift */ = {isa = PBXFileReference; lastKnownFileType = sourcecode.swift; path = EnvironmentState.swift; sourceTree = "<group>"; };
		CA8D796430038B24008DBDCF /* Star.swift */ = {isa = PBXFileReference; lastKnownFileType = sourcecode.swift; path = Star.swift; sourceTree = "<group>"; };
		CA8D796630038C8D008DBDCF /* StarField.swift */ = {isa = PBXFileReference; lastKnownFileType = sourcecode.swift; path = StarField.swift; sourceTree = "<group>"; };
		CA8D796830038CBE008DBDCF /* ShootingStar.swift */ = {isa = PBXFileReference; lastKnownFileType = sourcecode.swift; path = ShootingStar.swift; sourceTree = "<group>"; };
		CA8D796A30038CDF008DBDCF /* ShootingStarManager.swift */ = {isa = PBXFileReference; lastKnownFileType = sourcecode.swift; path = ShootingStarManager.swift; sourceTree = "<group>"; };
		CA8D796C30038CFC008DBDCF /* ShootingStarView.swift */ = {isa = PBXFileReference; lastKnownFileType = sourcecode.swift; path = ShootingStarView.swift; sourceTree = "<group>"; };
		CA8D796E30038D32008DBDCF /* WeatherEnvironmentModifier.swift */ = {isa = PBXFileReference; lastKnownFileType = sourcecode.swift; path = WeatherEnvironmentModifier.swift; sourceTree = "<group>"; };
		CA8D797230038D79008DBDCF /* StarFieldView.swift */ = {isa = PBXFileReference; lastKnownFileType = sourcecode.swift; path = StarFieldView.swift; sourceTree = "<group>"; };
		CAA892DD2FF2646F0097D855 /* BehaviorEvidenceBuilder.swift */ = {isa = PBXFileReference; lastKnownFileType = sourcecode.swift; path = BehaviorEvidenceBuilder.swift; sourceTree = "<group>"; };
		CAA892E12FF265050097D855 /* ReadingInsightsDashboard.swift */ = {isa = PBXFileReference; lastKnownFileType = sourcecode.swift; path = ReadingInsightsDashboard.swift; sourceTree = "<group>"; };
		CAA892E32FF265530097D855 /* AchievementPanel.swift */ = {isa = PBXFileReference; lastKnownFileType = sourcecode.swift; path = AchievementPanel.swift; sourceTree = "<group>"; };
		CAA892E52FF2657A0097D855 /* GoalsDashboard.swift */ = {isa = PBXFileReference; lastKnownFileType = sourcecode.swift; path = GoalsDashboard.swift; sourceTree = "<group>"; };
		CAA892E72FF265AA0097D855 /* RecommendationPanel2.swift */ = {isa = PBXFileReference; lastKnownFileType = sourcecode.swift; path = RecommendationPanel2.swift; sourceTree = "<group>"; };
		CAA892E92FF265CB0097D855 /* SessionHistoryView.swift */ = {isa = PBXFileReference; lastKnownFileType = sourcecode.swift; path = SessionHistoryView.swift; sourceTree = "<group>"; };
		CAA892ED2FF266210097D855 /* ContextInsightPanel.swift */ = {isa = PBXFileReference; lastKnownFileType = sourcecode.swift; path = ContextInsightPanel.swift; sourceTree = "<group>"; };
		CAC092C32FEA5AA9009416CE /* AudioSnapshot.swift */ = {isa = PBXFileReference; lastKnownFileType = sourcecode.swift; path = AudioSnapshot.swift; sourceTree = "<group>"; };
		CAC092C72FEA5B09009416CE /* MusicalAnalysisEngine.swift */ = {isa = PBXFileReference; lastKnownFileType = sourcecode.swift; path = MusicalAnalysisEngine.swift; sourceTree = "<group>"; };
		CAC092C92FEA5B3C009416CE /* AudioTrackerMetadata2.swift */ = {isa = PBXFileReference; lastKnownFileType = sourcecode.swift; path = AudioTrackerMetadata2.swift; sourceTree = "<group>"; };
		CAC092CB2FEA5B68009416CE /* AnnualReportArchiveView2.swift */ = {isa = PBXFileReference; lastKnownFileType = sourcecode.swift; path = AnnualReportArchiveView2.swift; sourceTree = "<group>"; };
		CAC092CD2FEA5BAC009416CE /* AnnualReportData2.swift */ = {isa = PBXFileReference; lastKnownFileType = sourcecode.swift; path = AnnualReportData2.swift; sourceTree = "<group>"; };
		CACE4CF83000A3E200DEBD96 /* DataMaturityEngine.swift */ = {isa = PBXFileReference; lastKnownFileType = sourcecode.swift; path = DataMaturityEngine.swift; sourceTree = "<group>"; };
		CACE4CFA3000A43700DEBD96 /* DataMaturityEngineAdapters.swift */ = {isa = PBXFileReference; lastKnownFileType = sourcecode.swift; path = DataMaturityEngineAdapters.swift; sourceTree = "<group>"; };
		CACE4D0A3000A59400DEBD96 /* WeatherInsightPanel2.swift */ = {isa = PBXFileReference; lastKnownFileType = sourcecode.swift; path = WeatherInsightPanel2.swift; sourceTree = "<group>"; };
		CACE4D0C3000A5C400DEBD96 /* InsightEngine.swift */ = {isa = PBXFileReference; lastKnownFileType = sourcecode.swift; path = InsightEngine.swift; sourceTree = "<group>"; };
		CADDFA532FE521DB006C81C0 /* AnnualReportView.swift */ = {isa = PBXFileReference; lastKnownFileType = sourcecode.swift; path = AnnualReportView.swift; sourceTree = "<group>"; };
		CADDFA572FE52268006C81C0 /* NewYearTransitionMonitor.swift */ = {isa = PBXFileReference; lastKnownFileType = sourcecode.swift; path = NewYearTransitionMonitor.swift; sourceTree = "<group>"; };
		CAEB7DFC2FE11CA20068BD25 /* BookImporter.swift */ = {isa = PBXFileReference; lastKnownFileType = sourcecode.swift; path = BookImporter.swift; sourceTree = "<group>"; };
		CAFDA367300812B500675B78 /* DeveloperConsoleTypes.swift */ = {isa = PBXFileReference; lastKnownFileType = sourcecode.swift; path = DeveloperConsoleTypes.swift; sourceTree = "<group>"; };
		CAFDA369300812DC00675B78 /* DeveloperConsoleObservable.swift */ = {isa = PBXFileReference; lastKnownFileType = sourcecode.swift; path = DeveloperConsoleObservable.swift; sourceTree = "<group>"; };
		CAFDA36B300812F700675B78 /* DeveloperConsoleRegistry.swift */ = {isa = PBXFileReference; lastKnownFileType = sourcecode.swift; path = DeveloperConsoleRegistry.swift; sourceTree = "<group>"; };
		CAFDA36D3008131000675B78 /* DeveloperConsoleSystemMetrics.swift */ = {isa = PBXFileReference; lastKnownFileType = sourcecode.swift; path = DeveloperConsoleSystemMetrics.swift; sourceTree = "<group>"; };
		CAFDA36F3008132800675B78 /* DeveloperConsoleRootView.swift */ = {isa = PBXFileReference; lastKnownFileType = sourcecode.swift; path = DeveloperConsoleRootView.swift; sourceTree = "<group>"; };
		CAFDA3713008135200675B78 /* DeveloperConsoleDashboardView.swift */ = {isa = PBXFileReference; lastKnownFileType = sourcecode.swift; path = DeveloperConsoleDashboardView.swift; sourceTree = "<group>"; };
		CAFDA375300813A800675B78 /* DataStore3.swift */ = {isa = PBXFileReference; lastKnownFileType = sourcecode.swift; path = DataStore3.swift; sourceTree = "<group>"; };
		CAFDA377300813F400675B78 /* SessionCoordinator2.swift */ = {isa = PBXFileReference; lastKnownFileType = sourcecode.swift; path = SessionCoordinator2.swift; sourceTree = "<group>"; };
		CAFDA3793008144200675B78 /* SessionEventRouter2.swift */ = {isa = PBXFileReference; lastKnownFileType = sourcecode.swift; path = SessionEventRouter2.swift; sourceTree = "<group>"; };
		CAFDA37B3008147900675B78 /* EnvironmentEngine2.swift */ = {isa = PBXFileReference; lastKnownFileType = sourcecode.swift; path = EnvironmentEngine2.swift; sourceTree = "<group>"; };
		CAFDA37D300814A900675B78 /* ReadingGoalManager2.swift */ = {isa = PBXFileReference; lastKnownFileType = sourcecode.swift; path = ReadingGoalManager2.swift; sourceTree = "<group>"; };
		CAFDA37F300814E700675B78 /* WeatherKitService2.swift */ = {isa = PBXFileReference; lastKnownFileType = sourcecode.swift; path = WeatherKitService2.swift; sourceTree = "<group>"; };
		CAFDA3813008152F00675B78 /* NotificationScheduler2.swift */ = {isa = PBXFileReference; lastKnownFileType = sourcecode.swift; path = NotificationScheduler2.swift; sourceTree = "<group>"; };
		CAFDA3833008156600675B78 /* BehaviorContextEngine2.swift */ = {isa = PBXFileReference; lastKnownFileType = sourcecode.swift; path = BehaviorContextEngine2.swift; sourceTree = "<group>"; };
		CAFDA391300815F900675B78 /* AchievementEngine2.swift */ = {isa = PBXFileReference; lastKnownFileType = sourcecode.swift; path = AchievementEngine2.swift; sourceTree = "<group>"; };
/* End PBXFileReference section */

/* Begin PBXFileSystemSynchronizedRootGroup section */
		CA272B292FE04E910031387F /* Reading Tracker */ = {
			isa = PBXFileSystemSynchronizedRootGroup;
			path = "Reading Tracker";
			sourceTree = "<group>";
		};
		CA272B392FE04E920031387F /* Reading TrackerTests */ = {
			isa = PBXFileSystemSynchronizedRootGroup;
			path = "Reading TrackerTests";
			sourceTree = "<group>";
		};
		CA272B432FE04E920031387F /* Reading TrackerUITests */ = {
			isa = PBXFileSystemSynchronizedRootGroup;
			path = "Reading TrackerUITests";
			sourceTree = "<group>";
		};
/* End PBXFileSystemSynchronizedRootGroup section */

/* Begin PBXFrameworksBuildPhase section */
		CA272B242FE04E910031387F /* Frameworks */ = {
			isa = PBXFrameworksBuildPhase;
			buildActionMask = 2147483647;
			files = (
				CA272B662FE05F8D0031387F /* ZIPFoundation in Frameworks */,
			);
			runOnlyForDeploymentPostprocessing = 0;
		};
		CA272B332FE04E920031387F /* Frameworks */ = {
			isa = PBXFrameworksBuildPhase;
			buildActionMask = 2147483647;
			files = (
			);
			runOnlyForDeploymentPostprocessing = 0;
		};
		CA272B3D2FE04E920031387F /* Frameworks */ = {
			isa = PBXFrameworksBuildPhase;
			buildActionMask = 2147483647;
			files = (
			);
			runOnlyForDeploymentPostprocessing = 0;
		};
/* End PBXFrameworksBuildPhase section */

/* Begin PBXGroup section */
		CA272B1E2FE04E910031387F = {
			isa = PBXGroup;
			children = (
				CA146D5430049E1300D23D3D /* Book2.swift */,
				CAFDA375300813A800675B78 /* DataStore3.swift */,
				CAFDA377300813F400675B78 /* SessionCoordinator2.swift */,
				CAA892E92FF265CB0097D855 /* SessionHistoryView.swift */,
				CAFDA3793008144200675B78 /* SessionEventRouter2.swift */,
				CA3DE8F62FFDA1E500F26559 /* PDFReaderView2.swift */,
				CA31FFA52FFC72D200CE6822 /* EPUBPackage.swift */,
				CA31FFA32FFC72B800CE6822 /* EPUBReaderScreen.swift */,
				CA085C1E2FE25EA3000F30E0 /* LibraryView.swift */,
				CAEB7DFC2FE11CA20068BD25 /* BookImporter.swift */,
				CA085C1C2FE24AB5000F30E0 /* DataIntegrityValidator.swift */,
				CA841D002FE2C65A00D98641 /* IntelligentNotificationEngine.swift */,
				CAFDA37F300814E700675B78 /* WeatherKitService2.swift */,
				CACE4D0A3000A59400DEBD96 /* WeatherInsightPanel2.swift */,
				CA5005992FE3D70E004D6526 /* WeatherAnalysisEngine.swift */,
				CA085C042FE247F2000F30E0 /* AnalyticsEngine.swift */,
				CA085C202FE290E5000F30E0 /* EstimationEngine.swift */,
				CACE4CF83000A3E200DEBD96 /* DataMaturityEngine.swift */,
				CACE4CFA3000A43700DEBD96 /* DataMaturityEngineAdapters.swift */,
				CAFDA3813008152F00675B78 /* NotificationScheduler2.swift */,
				CA085C222FE2A57D000F30E0 /* PredictiveRecommendationEngine.swift */,
				CAA892E72FF265AA0097D855 /* RecommendationPanel2.swift */,
				CA4D58322FFAAF37003FEF6D /* BehavioralCategory.swift */,
				CAFDA3833008156600675B78 /* BehaviorContextEngine2.swift */,
				CAA892ED2FF266210097D855 /* ContextInsightPanel.swift */,
				CAA892DD2FF2646F0097D855 /* BehaviorEvidenceBuilder.swift */,
				CAFDA391300815F900675B78 /* AchievementEngine2.swift */,
				CAA892E32FF265530097D855 /* AchievementPanel.swift */,
				CAC092CD2FEA5BAC009416CE /* AnnualReportData2.swift */,
				CADDFA532FE521DB006C81C0 /* AnnualReportView.swift */,
				CAC092CB2FEA5B68009416CE /* AnnualReportArchiveView2.swift */,
				CADDFA572FE52268006C81C0 /* NewYearTransitionMonitor.swift */,
				CAC092C32FEA5AA9009416CE /* AudioSnapshot.swift */,
				CAC092C92FEA5B3C009416CE /* AudioTrackerMetadata2.swift */,
				CAC092C72FEA5B09009416CE /* MusicalAnalysisEngine.swift */,
				CA085C062FE24829000F30E0 /* SharedTextUtilities.swift */,
				CAFDA37D300814A900675B78 /* ReadingGoalManager2.swift */,
				CAA892E52FF2657A0097D855 /* GoalsDashboard.swift */,
				CACE4D0C3000A5C400DEBD96 /* InsightEngine.swift */,
				CAA892E12FF265050097D855 /* ReadingInsightsDashboard.swift */,
				CA6F50AC2FE698EB00973E2F /* BookDiscoveryView.swift */,
				CA6F509A2FE6963600973E2F /* OnlineBook.swift */,
				CA6F50A22FE6975F00973E2F /* OnlineBookDiscoveryService.swift */,
				CA6F50A42FE697AF00973E2F /* OnlineBookDiscoveryViewModel.swift */,
				CA6F50A82FE6988700973E2F /* OnlineBookDetailView.swift */,
				CA6F50A62FE697F800973E2F /* OnlineBookRow.swift */,
				CA6F50AA2FE698B400973E2F /* OnlineBookSearchDrawer.swift */,
				CA6F509C2FE696AB00973E2F /* OnlineBookProvider.swift */,
				CA6F509E2FE696FE00973E2F /* OpenLibraryProvider.swift */,
				CA6F50A02FE6971C00973E2F /* GutenbergProvider.swift */,
				CA8D795830038A01008DBDCF /* EnvironmentMath.swift */,
				CA8D795A30038A2D008DBDCF /* EnvironmentColor.swift */,
				CA8D795C30038A64008DBDCF /* EnvironmentAnchorPeriod.swift */,
				CA8D795E30038A8A008DBDCF /* EnvironmentPalette.swift */,
				CA8D796030038ACC008DBDCF /* EnvironmentState.swift */,
				CAFDA37B3008147900675B78 /* EnvironmentEngine2.swift */,
				CA2D07C53005E58B0056F50E /* EnvironmentBackgroundView2.swift */,
				CA8D796430038B24008DBDCF /* Star.swift */,
				CA8D796630038C8D008DBDCF /* StarField.swift */,
				CA8D797230038D79008DBDCF /* StarFieldView.swift */,
				CA8D796830038CBE008DBDCF /* ShootingStar.swift */,
				CA8D796A30038CDF008DBDCF /* ShootingStarManager.swift */,
				CA8D796C30038CFC008DBDCF /* ShootingStarView.swift */,
				CA8D796E30038D32008DBDCF /* WeatherEnvironmentModifier.swift */,
				CA6350DE30044858006266D6 /* BookVisualState.swift */,
				CA6350E03004486B006266D6 /* AdaptiveLayoutTier.swift */,
				CA6350E230044884006266D6 /* BookCoverCardView.swift */,
				CA2D07C93005E6A50056F50E /* FloatingClusterView2.swift */,
				CA2D07CB3005E7070056F50E /* ShallowPerspectiveView2.swift */,
				CA2D07CD3005E7280056F50E /* SpatialNavigatorCard2.swift */,
				CA2D07CF3005E7410056F50E /* SpatialNavigatorView2.swift */,
				CA2D07C73005E5C70056F50E /* SpatialLibraryView2.swift */,
				CA146D5630049E8600D23D3D /* LibraryFilterState.swift */,
				CA146D5830049EC900D23D3D /* LibraryFilterSidebarView.swift */,
				CA2D07D13005E7590056F50E /* LibraryExplorerView2.swift */,
				CAFDA367300812B500675B78 /* DeveloperConsoleTypes.swift */,
				CAFDA369300812DC00675B78 /* DeveloperConsoleObservable.swift */,
				CAFDA36B300812F700675B78 /* DeveloperConsoleRegistry.swift */,
				CAFDA36D3008131000675B78 /* DeveloperConsoleSystemMetrics.swift */,
				CAFDA36F3008132800675B78 /* DeveloperConsoleRootView.swift */,
				CAFDA3713008135200675B78 /* DeveloperConsoleDashboardView.swift */,
				CA272B762FE068150031387F /* Reading-Tracker-Info.plist */,
				CA272B292FE04E910031387F /* Reading Tracker */,
				CA272B392FE04E920031387F /* Reading TrackerTests */,
				CA272B432FE04E920031387F /* Reading TrackerUITests */,
				CA272B752FE066670031387F /* Frameworks */,
				CA272B282FE04E910031387F /* Products */,
			);
			sourceTree = "<group>";
		};
		CA272B282FE04E910031387F /* Products */ = {
			isa = PBXGroup;
			children = (
				CA272B272FE04E910031387F /* Reading Tracker.app */,
				CA272B362FE04E920031387F /* Reading TrackerTests.xctest */,
				CA272B402FE04E920031387F /* Reading TrackerUITests.xctest */,
			);
			name = Products;
			sourceTree = "<group>";
		};
		CA272B752FE066670031387F /* Frameworks */ = {
			isa = PBXGroup;
			children = (
			);
			name = Frameworks;
			sourceTree = "<group>";
		};
/* End PBXGroup section */

/* Begin PBXNativeTarget section */
		CA272B262FE04E910031387F /* Reading Tracker */ = {
			isa = PBXNativeTarget;
			buildConfigurationList = CA272B4A2FE04E920031387F /* Build configuration list for PBXNativeTarget "Reading Tracker" */;
			buildPhases = (
				CA272B232FE04E910031387F /* Sources */,
				CA272B242FE04E910031387F /* Frameworks */,
				CA272B252FE04E910031387F /* Resources */,
			);
			buildRules = (
			);
			dependencies = (
			);
			fileSystemSynchronizedGroups = (
				CA272B292FE04E910031387F /* Reading Tracker */,
			);
			name = "Reading Tracker";
			packageProductDependencies = (
				CA272B652FE05F8D0031387F /* ZIPFoundation */,
			);
			productName = "Reading Tracker";
			productReference = CA272B272FE04E910031387F /* Reading Tracker.app */;
			productType = "com.apple.product-type.application";
		};
		CA272B352FE04E920031387F /* Reading TrackerTests */ = {
			isa = PBXNativeTarget;
			buildConfigurationList = CA272B4D2FE04E920031387F /* Build configuration list for PBXNativeTarget "Reading TrackerTests" */;
			buildPhases = (
				CA272B322FE04E920031387F /* Sources */,
				CA272B332FE04E920031387F /* Frameworks */,
				CA272B342FE04E920031387F /* Resources */,
			);
			buildRules = (
			);
			dependencies = (
				CA272B382FE04E920031387F /* PBXTargetDependency */,
			);
			fileSystemSynchronizedGroups = (
				CA272B392FE04E920031387F /* Reading TrackerTests */,
			);
			name = "Reading TrackerTests";
			packageProductDependencies = (
			);
			productName = "Reading TrackerTests";
			productReference = CA272B362FE04E920031387F /* Reading TrackerTests.xctest */;
			productType = "com.apple.product-type.bundle.unit-test";
		};
		CA272B3F2FE04E920031387F /* Reading TrackerUITests */ = {
			isa = PBXNativeTarget;
			buildConfigurationList = CA272B502FE04E920031387F /* Build configuration list for PBXNativeTarget "Reading TrackerUITests" */;
			buildPhases = (
				CA272B3C2FE04E920031387F /* Sources */,
				CA272B3D2FE04E920031387F /* Frameworks */,
				CA272B3E2FE04E920031387F /* Resources */,
			);
			buildRules = (
			);
			dependencies = (
				CA272B422FE04E920031387F /* PBXTargetDependency */,
			);
			fileSystemSynchronizedGroups = (
				CA272B432FE04E920031387F /* Reading TrackerUITests */,
			);
			name = "Reading TrackerUITests";
			packageProductDependencies = (
			);
			productName = "Reading TrackerUITests";
			productReference = CA272B402FE04E920031387F /* Reading TrackerUITests.xctest */;
			productType = "com.apple.product-type.bundle.ui-testing";
		};
/* End PBXNativeTarget section */

/* Begin PBXProject section */
		CA272B1F2FE04E910031387F /* Project object */ = {
			isa = PBXProject;
			attributes = {
				BuildIndependentTargetsInParallel = 1;
				LastSwiftUpdateCheck = 2650;
				LastUpgradeCheck = 2650;
				TargetAttributes = {
					CA272B262FE04E910031387F = {
						CreatedOnToolsVersion = 26.5;
					};
					CA272B352FE04E920031387F = {
						CreatedOnToolsVersion = 26.5;
						TestTargetID = CA272B262FE04E910031387F;
					};
					CA272B3F2FE04E920031387F = {
						CreatedOnToolsVersion = 26.5;
						TestTargetID = CA272B262FE04E910031387F;
					};
				};
			};
			buildConfigurationList = CA272B222FE04E910031387F /* Build configuration list for PBXProject "Reading Tracker" */;
			developmentRegion = en;
			hasScannedForEncodings = 0;
			knownRegions = (
				en,
				Base,
			);
			mainGroup = CA272B1E2FE04E910031387F;
			minimizedProjectReferenceProxies = 1;
			packageReferences = (
				CA272B642FE05F8D0031387F /* XCRemoteSwiftPackageReference "ZIPFoundation" */,
			);
			preferredProjectObjectVersion = 77;
			productRefGroup = CA272B282FE04E910031387F /* Products */;
			projectDirPath = "";
			projectRoot = "";
			targets = (
				CA272B262FE04E910031387F /* Reading Tracker */,
				CA272B352FE04E920031387F /* Reading TrackerTests */,
				CA272B3F2FE04E920031387F /* Reading TrackerUITests */,
			);
		};
/* End PBXProject section */

/* Begin PBXResourcesBuildPhase section */
		CA272B252FE04E910031387F /* Resources */ = {
			isa = PBXResourcesBuildPhase;
			buildActionMask = 2147483647;
			files = (
				CA272B772FE068150031387F /* Reading-Tracker-Info.plist in Resources */,
			);
			runOnlyForDeploymentPostprocessing = 0;
		};
		CA272B342FE04E920031387F /* Resources */ = {
			isa = PBXResourcesBuildPhase;
			buildActionMask = 2147483647;
			files = (
			);
			runOnlyForDeploymentPostprocessing = 0;
		};
		CA272B3E2FE04E920031387F /* Resources */ = {
			isa = PBXResourcesBuildPhase;
			buildActionMask = 2147483647;
			files = (
			);
			runOnlyForDeploymentPostprocessing = 0;
		};
/* End PBXResourcesBuildPhase section */

/* Begin PBXSourcesBuildPhase section */
		CA272B232FE04E910031387F /* Sources */ = {
			isa = PBXSourcesBuildPhase;
			buildActionMask = 2147483647;
			files = (
				CA2D07C63005E58B0056F50E /* EnvironmentBackgroundView2.swift in Sources */,
				CAFDA3723008135200675B78 /* DeveloperConsoleDashboardView.swift in Sources */,
				CA146D5730049E8600D23D3D /* LibraryFilterState.swift in Sources */,
				CAFDA36A300812DC00675B78 /* DeveloperConsoleObservable.swift in Sources */,
				CAFDA36E3008131000675B78 /* DeveloperConsoleSystemMetrics.swift in Sources */,
				CAFDA3843008156600675B78 /* BehaviorContextEngine2.swift in Sources */,
				CA146D5930049EC900D23D3D /* LibraryFilterSidebarView.swift in Sources */,
				CA2D07CA3005E6A50056F50E /* FloatingClusterView2.swift in Sources */,
				CA085C1D2FE24AB5000F30E0 /* DataIntegrityValidator.swift in Sources */,
				CAFDA3823008152F00675B78 /* NotificationScheduler2.swift in Sources */,
				CAEB7DFD2FE11CA20068BD25 /* BookImporter.swift in Sources */,
				CA2D07CC3005E7070056F50E /* ShallowPerspectiveView2.swift in Sources */,
				CA2D07CE3005E7280056F50E /* SpatialNavigatorCard2.swift in Sources */,
				CA085C232FE2A57D000F30E0 /* PredictiveRecommendationEngine.swift in Sources */,
				CA8D796130038ACC008DBDCF /* EnvironmentState.swift in Sources */,
				CAFDA392300815F900675B78 /* AchievementEngine2.swift in Sources */,
				CAA892E62FF2657A0097D855 /* GoalsDashboard.swift in Sources */,
				CA8D795D30038A64008DBDCF /* EnvironmentAnchorPeriod.swift in Sources */,
				CA085C052FE247F2000F30E0 /* AnalyticsEngine.swift in Sources */,
				CAC092C82FEA5B09009416CE /* MusicalAnalysisEngine.swift in Sources */,
				CAFDA368300812B500675B78 /* DeveloperConsoleTypes.swift in Sources */,
				CAFDA380300814E700675B78 /* WeatherKitService2.swift in Sources */,
				CA31FFA62FFC72D200CE6822 /* EPUBPackage.swift in Sources */,
				CA6F509D2FE696AB00973E2F /* OnlineBookProvider.swift in Sources */,
				CAA892E22FF265050097D855 /* ReadingInsightsDashboard.swift in Sources */,
				CADDFA542FE521DB006C81C0 /* AnnualReportView.swift in Sources */,
				CA8D796730038C8D008DBDCF /* StarField.swift in Sources */,
				CA841D012FE2C65A00D98641 /* IntelligentNotificationEngine.swift in Sources */,
				CA6F50AB2FE698B400973E2F /* OnlineBookSearchDrawer.swift in Sources */,
				CA6F50A12FE6971C00973E2F /* GutenbergProvider.swift in Sources */,
				CAC092C42FEA5AA9009416CE /* AudioSnapshot.swift in Sources */,
				CAA892E42FF265530097D855 /* AchievementPanel.swift in Sources */,
				CAC092CE2FEA5BAC009416CE /* AnnualReportData2.swift in Sources */,
				CAFDA37E300814A900675B78 /* ReadingGoalManager2.swift in Sources */,
				CACE4D0B3000A59400DEBD96 /* WeatherInsightPanel2.swift in Sources */,
				CA6350E13004486B006266D6 /* AdaptiveLayoutTier.swift in Sources */,
				CA8D795F30038A8A008DBDCF /* EnvironmentPalette.swift in Sources */,
				CA6F50A72FE697F800973E2F /* OnlineBookRow.swift in Sources */,
				CA2D07D03005E7410056F50E /* SpatialNavigatorView2.swift in Sources */,
				CA8D795930038A01008DBDCF /* EnvironmentMath.swift in Sources */,
				CA6F509B2FE6963600973E2F /* OnlineBook.swift in Sources */,
				CA8D796D30038CFC008DBDCF /* ShootingStarView.swift in Sources */,
				CA4D58332FFAAF37003FEF6D /* BehavioralCategory.swift in Sources */,
				CA8D796F30038D32008DBDCF /* WeatherEnvironmentModifier.swift in Sources */,
				CA8D796930038CBE008DBDCF /* ShootingStar.swift in Sources */,
				CA3DE8F72FFDA1E500F26559 /* PDFReaderView2.swift in Sources */,
				CA6350DF30044858006266D6 /* BookVisualState.swift in Sources */,
				CAFDA37A3008144200675B78 /* SessionEventRouter2.swift in Sources */,
				CAA892EA2FF265CB0097D855 /* SessionHistoryView.swift in Sources */,
				CAC092CA2FEA5B3C009416CE /* AudioTrackerMetadata2.swift in Sources */,
				CAFDA3703008132800675B78 /* DeveloperConsoleRootView.swift in Sources */,
				CAFDA376300813A800675B78 /* DataStore3.swift in Sources */,
				CAA892E82FF265AA0097D855 /* RecommendationPanel2.swift in Sources */,
				CACE4CFB3000A43700DEBD96 /* DataMaturityEngineAdapters.swift in Sources */,
				CA2D07D23005E7590056F50E /* LibraryExplorerView2.swift in Sources */,
				CA2D07C83005E5C70056F50E /* SpatialLibraryView2.swift in Sources */,
				CAFDA378300813F400675B78 /* SessionCoordinator2.swift in Sources */,
				CA6F50A92FE6988700973E2F /* OnlineBookDetailView.swift in Sources */,
				CA6F50A52FE697AF00973E2F /* OnlineBookDiscoveryViewModel.swift in Sources */,
				CA8D797330038D79008DBDCF /* StarFieldView.swift in Sources */,
				CADDFA582FE52268006C81C0 /* NewYearTransitionMonitor.swift in Sources */,
				CAFDA37C3008147900675B78 /* EnvironmentEngine2.swift in Sources */,
				CAA892DE2FF2646F0097D855 /* BehaviorEvidenceBuilder.swift in Sources */,
				CAC092CC2FEA5B68009416CE /* AnnualReportArchiveView2.swift in Sources */,
				CAFDA36C300812F700675B78 /* DeveloperConsoleRegistry.swift in Sources */,
				CACE4CF93000A3E200DEBD96 /* DataMaturityEngine.swift in Sources */,
				CACE4D0D3000A5C400DEBD96 /* InsightEngine.swift in Sources */,
				CA6F50A32FE6975F00973E2F /* OnlineBookDiscoveryService.swift in Sources */,
				CA6F509F2FE696FE00973E2F /* OpenLibraryProvider.swift in Sources */,
				CA085C1F2FE25EA3000F30E0 /* LibraryView.swift in Sources */,
				CA31FFA42FFC72B800CE6822 /* EPUBReaderScreen.swift in Sources */,
				CA6350E330044884006266D6 /* BookCoverCardView.swift in Sources */,
				CA8D796B30038CDF008DBDCF /* ShootingStarManager.swift in Sources */,
				CA8D795B30038A2D008DBDCF /* EnvironmentColor.swift in Sources */,
				CAA892EE2FF266210097D855 /* ContextInsightPanel.swift in Sources */,
				CA50059A2FE3D70E004D6526 /* WeatherAnalysisEngine.swift in Sources */,
				CA146D5530049E1300D23D3D /* Book2.swift in Sources */,
				CA085C212FE290E5000F30E0 /* EstimationEngine.swift in Sources */,
				CA6F50AD2FE698EB00973E2F /* BookDiscoveryView.swift in Sources */,
				CA085C072FE24829000F30E0 /* SharedTextUtilities.swift in Sources */,
				CA8D796530038B24008DBDCF /* Star.swift in Sources */,
			);
			runOnlyForDeploymentPostprocessing = 0;
		};
		CA272B322FE04E920031387F /* Sources */ = {
			isa = PBXSourcesBuildPhase;
			buildActionMask = 2147483647;
			files = (
			);
			runOnlyForDeploymentPostprocessing = 0;
		};
		CA272B3C2FE04E920031387F /* Sources */ = {
			isa = PBXSourcesBuildPhase;
			buildActionMask = 2147483647;
			files = (
			);
			runOnlyForDeploymentPostprocessing = 0;
		};
/* End PBXSourcesBuildPhase section */

/* Begin PBXTargetDependency section */
		CA272B382FE04E920031387F /* PBXTargetDependency */ = {
			isa = PBXTargetDependency;
			target = CA272B262FE04E910031387F /* Reading Tracker */;
			targetProxy = CA272B372FE04E920031387F /* PBXContainerItemProxy */;
		};
		CA272B422FE04E920031387F /* PBXTargetDependency */ = {
			isa = PBXTargetDependency;
			target = CA272B262FE04E910031387F /* Reading Tracker */;
			targetProxy = CA272B412FE04E920031387F /* PBXContainerItemProxy */;
		};
/* End PBXTargetDependency section */

/* Begin XCBuildConfiguration section */
		CA272B482FE04E920031387F /* Debug */ = {
			isa = XCBuildConfiguration;
			buildSettings = {
				ALWAYS_SEARCH_USER_PATHS = NO;
				ASSETCATALOG_COMPILER_GENERATE_SWIFT_ASSET_SYMBOL_EXTENSIONS = YES;
				CLANG_ANALYZER_NONNULL = YES;
				CLANG_ANALYZER_NUMBER_OBJECT_CONVERSION = YES_AGGRESSIVE;
				CLANG_CXX_LANGUAGE_STANDARD = "gnu++20";
				CLANG_ENABLE_MODULES = YES;
				CLANG_ENABLE_OBJC_ARC = YES;
				CLANG_ENABLE_OBJC_WEAK = YES;
				CLANG_WARN_BLOCK_CAPTURE_AUTORELEASING = YES;
				CLANG_WARN_BOOL_CONVERSION = YES;
				CLANG_WARN_COMMA = YES;
				CLANG_WARN_CONSTANT_CONVERSION = YES;
				CLANG_WARN_DEPRECATED_OBJC_IMPLEMENTATIONS = YES;
				CLANG_WARN_DIRECT_OBJC_ISA_USAGE = YES_ERROR;
				CLANG_WARN_DOCUMENTATION_COMMENTS = YES;
				CLANG_WARN_EMPTY_BODY = YES;
				CLANG_WARN_ENUM_CONVERSION = YES;
				CLANG_WARN_INFINITE_RECURSION = YES;
				CLANG_WARN_INT_CONVERSION = YES;
				CLANG_WARN_NON_LITERAL_NULL_CONVERSION = YES;
				CLANG_WARN_OBJC_IMPLICIT_RETAIN_SELF = YES;
				CLANG_WARN_OBJC_LITERAL_CONVERSION = YES;
				CLANG_WARN_OBJC_ROOT_CLASS = YES_ERROR;
				CLANG_WARN_QUOTED_INCLUDE_IN_FRAMEWORK_HEADER = YES;
				CLANG_WARN_RANGE_LOOP_ANALYSIS = YES;
				CLANG_WARN_STRICT_PROTOTYPES = YES;
				CLANG_WARN_SUSPICIOUS_MOVE = YES;
				CLANG_WARN_UNGUARDED_AVAILABILITY = YES_AGGRESSIVE;
				CLANG_WARN_UNREACHABLE_CODE = YES;
				CLANG_WARN__DUPLICATE_METHOD_MATCH = YES;
				COPY_PHASE_STRIP = NO;
				DEBUG_INFORMATION_FORMAT = dwarf;
				ENABLE_STRICT_OBJC_MSGSEND = YES;
				ENABLE_TESTABILITY = YES;
				ENABLE_USER_SCRIPT_SANDBOXING = YES;
				GCC_C_LANGUAGE_STANDARD = gnu17;
				GCC_DYNAMIC_NO_PIC = NO;
				GCC_NO_COMMON_BLOCKS = YES;
				GCC_OPTIMIZATION_LEVEL = 0;
				GCC_PREPROCESSOR_DEFINITIONS = (
					"DEBUG=1",
					"$(inherited)",
				);
				GCC_WARN_64_TO_32_BIT_CONVERSION = YES;
				GCC_WARN_ABOUT_RETURN_TYPE = YES_ERROR;
				GCC_WARN_UNDECLARED_SELECTOR = YES;
				GCC_WARN_UNINITIALIZED_AUTOS = YES_AGGRESSIVE;
				GCC_WARN_UNUSED_FUNCTION = YES;
				GCC_WARN_UNUSED_VARIABLE = YES;
				LOCALIZATION_PREFERS_STRING_CATALOGS = YES;
				MACOSX_DEPLOYMENT_TARGET = 26.5;
				MTL_ENABLE_DEBUG_INFO = INCLUDE_SOURCE;
				MTL_FAST_MATH = YES;
				ONLY_ACTIVE_ARCH = YES;
				SDKROOT = macosx;
				SWIFT_ACTIVE_COMPILATION_CONDITIONS = "DEBUG $(inherited)";
				SWIFT_OPTIMIZATION_LEVEL = "-Onone";
			};
			name = Debug;
		};
		CA272B492FE04E920031387F /* Release */ = {
			isa = XCBuildConfiguration;
			buildSettings = {
				ALWAYS_SEARCH_USER_PATHS = NO;
				ASSETCATALOG_COMPILER_GENERATE_SWIFT_ASSET_SYMBOL_EXTENSIONS = YES;
				CLANG_ANALYZER_NONNULL = YES;
				CLANG_ANALYZER_NUMBER_OBJECT_CONVERSION = YES_AGGRESSIVE;
				CLANG_CXX_LANGUAGE_STANDARD = "gnu++20";
				CLANG_ENABLE_MODULES = YES;
				CLANG_ENABLE_OBJC_ARC = YES;
				CLANG_ENABLE_OBJC_WEAK = YES;
				CLANG_WARN_BLOCK_CAPTURE_AUTORELEASING = YES;
				CLANG_WARN_BOOL_CONVERSION = YES;
				CLANG_WARN_COMMA = YES;
				CLANG_WARN_CONSTANT_CONVERSION = YES;
				CLANG_WARN_DEPRECATED_OBJC_IMPLEMENTATIONS = YES;
				CLANG_WARN_DIRECT_OBJC_ISA_USAGE = YES_ERROR;
				CLANG_WARN_DOCUMENTATION_COMMENTS = YES;
				CLANG_WARN_EMPTY_BODY = YES;
				CLANG_WARN_ENUM_CONVERSION = YES;
				CLANG_WARN_INFINITE_RECURSION = YES;
				CLANG_WARN_INT_CONVERSION = YES;
				CLANG_WARN_NON_LITERAL_NULL_CONVERSION = YES;
				CLANG_WARN_OBJC_IMPLICIT_RETAIN_SELF = YES;
				CLANG_WARN_OBJC_LITERAL_CONVERSION = YES;
				CLANG_WARN_OBJC_ROOT_CLASS = YES_ERROR;
				CLANG_WARN_QUOTED_INCLUDE_IN_FRAMEWORK_HEADER = YES;
				CLANG_WARN_RANGE_LOOP_ANALYSIS = YES;
				CLANG_WARN_STRICT_PROTOTYPES = YES;
				CLANG_WARN_SUSPICIOUS_MOVE = YES;
				CLANG_WARN_UNGUARDED_AVAILABILITY = YES_AGGRESSIVE;
				CLANG_WARN_UNREACHABLE_CODE = YES;
				CLANG_WARN__DUPLICATE_METHOD_MATCH = YES;
				COPY_PHASE_STRIP = NO;
				DEBUG_INFORMATION_FORMAT = "dwarf-with-dsym";
				ENABLE_NS_ASSERTIONS = NO;
				ENABLE_STRICT_OBJC_MSGSEND = YES;
				ENABLE_USER_SCRIPT_SANDBOXING = YES;
				GCC_C_LANGUAGE_STANDARD = gnu17;
				GCC_NO_COMMON_BLOCKS = YES;
				GCC_WARN_64_TO_32_BIT_CONVERSION = YES;
				GCC_WARN_ABOUT_RETURN_TYPE = YES_ERROR;
				GCC_WARN_UNDECLARED_SELECTOR = YES;
				GCC_WARN_UNINITIALIZED_AUTOS = YES_AGGRESSIVE;
				GCC_WARN_UNUSED_FUNCTION = YES;
				GCC_WARN_UNUSED_VARIABLE = YES;
				LOCALIZATION_PREFERS_STRING_CATALOGS = YES;
				MACOSX_DEPLOYMENT_TARGET = 26.5;
				MTL_ENABLE_DEBUG_INFO = NO;
				MTL_FAST_MATH = YES;
				SDKROOT = macosx;
				SWIFT_COMPILATION_MODE = wholemodule;
			};
			name = Release;
		};
		CA272B4B2FE04E920031387F /* Debug */ = {
			isa = XCBuildConfiguration;
			buildSettings = {
				ASSETCATALOG_COMPILER_APPICON_NAME = AppIcon;
				ASSETCATALOG_COMPILER_GLOBAL_ACCENT_COLOR_NAME = AccentColor;
				ASSETCATALOG_COMPILER_INCLUDE_ALL_APPICON_ASSETS = NO;
				CODE_SIGN_STYLE = Automatic;
				COMBINE_HIDPI_IMAGES = YES;
				CURRENT_PROJECT_VERSION = 1;
				ENABLE_APP_SANDBOX = YES;
				ENABLE_PREVIEWS = YES;
				ENABLE_USER_SELECTED_FILES = readonly;
				GENERATE_INFOPLIST_FILE = YES;
				INFOPLIST_FILE = "Reading-Tracker-Info.plist";
				INFOPLIST_KEY_LSApplicationCategoryType = "public.app-category.books";
				INFOPLIST_KEY_NSHumanReadableCopyright = "";
				LD_RUNPATH_SEARCH_PATHS = (
					"$(inherited)",
					"@executable_path/../Frameworks",
				);
				MACOSX_DEPLOYMENT_TARGET = 26.5;
				MARKETING_VERSION = 1.0;
				PRODUCT_BUNDLE_IDENTIFIER = "johan.Reading-Tracker";
				PRODUCT_NAME = "$(TARGET_NAME)";
				REGISTER_APP_GROUPS = YES;
				STRING_CATALOG_GENERATE_SYMBOLS = YES;
				SWIFT_APPROACHABLE_CONCURRENCY = YES;
				SWIFT_DEFAULT_ACTOR_ISOLATION = MainActor;
				SWIFT_EMIT_LOC_STRINGS = YES;
				SWIFT_UPCOMING_FEATURE_MEMBER_IMPORT_VISIBILITY = YES;
				SWIFT_VERSION = 5.0;
			};
			name = Debug;
		};
		CA272B4C2FE04E920031387F /* Release */ = {
			isa = XCBuildConfiguration;
			buildSettings = {
				ASSETCATALOG_COMPILER_APPICON_NAME = AppIcon;
				ASSETCATALOG_COMPILER_GLOBAL_ACCENT_COLOR_NAME = AccentColor;
				ASSETCATALOG_COMPILER_INCLUDE_ALL_APPICON_ASSETS = NO;
				CODE_SIGN_STYLE = Automatic;
				COMBINE_HIDPI_IMAGES = YES;
				CURRENT_PROJECT_VERSION = 1;
				ENABLE_APP_SANDBOX = YES;
				ENABLE_PREVIEWS = YES;
				ENABLE_USER_SELECTED_FILES = readonly;
				GENERATE_INFOPLIST_FILE = YES;
				INFOPLIST_FILE = "Reading-Tracker-Info.plist";
				INFOPLIST_KEY_LSApplicationCategoryType = "public.app-category.books";
				INFOPLIST_KEY_NSHumanReadableCopyright = "";
				LD_RUNPATH_SEARCH_PATHS = (
					"$(inherited)",
					"@executable_path/../Frameworks",
				);
				MACOSX_DEPLOYMENT_TARGET = 26.5;
				MARKETING_VERSION = 1.0;
				PRODUCT_BUNDLE_IDENTIFIER = "johan.Reading-Tracker";
				PRODUCT_NAME = "$(TARGET_NAME)";
				REGISTER_APP_GROUPS = YES;
				STRING_CATALOG_GENERATE_SYMBOLS = YES;
				SWIFT_APPROACHABLE_CONCURRENCY = YES;
				SWIFT_DEFAULT_ACTOR_ISOLATION = MainActor;
				SWIFT_EMIT_LOC_STRINGS = YES;
				SWIFT_UPCOMING_FEATURE_MEMBER_IMPORT_VISIBILITY = YES;
				SWIFT_VERSION = 5.0;
			};
			name = Release;
		};
		CA272B4E2FE04E920031387F /* Debug */ = {
			isa = XCBuildConfiguration;
			buildSettings = {
				BUNDLE_LOADER = "$(TEST_HOST)";
				CODE_SIGN_STYLE = Automatic;
				CURRENT_PROJECT_VERSION = 1;
				GENERATE_INFOPLIST_FILE = YES;
				MACOSX_DEPLOYMENT_TARGET = 26.5;
				MARKETING_VERSION = 1.0;
				PRODUCT_BUNDLE_IDENTIFIER = "johan.Reading-TrackerTests";
				PRODUCT_NAME = "$(TARGET_NAME)";
				STRING_CATALOG_GENERATE_SYMBOLS = NO;
				SWIFT_APPROACHABLE_CONCURRENCY = YES;
				SWIFT_EMIT_LOC_STRINGS = NO;
				SWIFT_UPCOMING_FEATURE_MEMBER_IMPORT_VISIBILITY = YES;
				SWIFT_VERSION = 5.0;
				TEST_HOST = "$(BUILT_PRODUCTS_DIR)/Reading Tracker.app/$(BUNDLE_EXECUTABLE_FOLDER_PATH)/Reading Tracker";
			};
			name = Debug;
		};
		CA272B4F2FE04E920031387F /* Release */ = {
			isa = XCBuildConfiguration;
			buildSettings = {
				BUNDLE_LOADER = "$(TEST_HOST)";
				CODE_SIGN_STYLE = Automatic;
				CURRENT_PROJECT_VERSION = 1;
				GENERATE_INFOPLIST_FILE = YES;
				MACOSX_DEPLOYMENT_TARGET = 26.5;
				MARKETING_VERSION = 1.0;
				PRODUCT_BUNDLE_IDENTIFIER = "johan.Reading-TrackerTests";
				PRODUCT_NAME = "$(TARGET_NAME)";
				STRING_CATALOG_GENERATE_SYMBOLS = NO;
				SWIFT_APPROACHABLE_CONCURRENCY = YES;
				SWIFT_EMIT_LOC_STRINGS = NO;
				SWIFT_UPCOMING_FEATURE_MEMBER_IMPORT_VISIBILITY = YES;
				SWIFT_VERSION = 5.0;
				TEST_HOST = "$(BUILT_PRODUCTS_DIR)/Reading Tracker.app/$(BUNDLE_EXECUTABLE_FOLDER_PATH)/Reading Tracker";
			};
			name = Release;
		};
		CA272B512FE04E920031387F /* Debug */ = {
			isa = XCBuildConfiguration;
			buildSettings = {
				CODE_SIGN_STYLE = Automatic;
				CURRENT_PROJECT_VERSION = 1;
				GENERATE_INFOPLIST_FILE = YES;
				MARKETING_VERSION = 1.0;
				PRODUCT_BUNDLE_IDENTIFIER = "johan.Reading-TrackerUITests";
				PRODUCT_NAME = "$(TARGET_NAME)";
				STRING_CATALOG_GENERATE_SYMBOLS = NO;
				SWIFT_APPROACHABLE_CONCURRENCY = YES;
				SWIFT_EMIT_LOC_STRINGS = NO;
				SWIFT_UPCOMING_FEATURE_MEMBER_IMPORT_VISIBILITY = YES;
				SWIFT_VERSION = 5.0;
				TEST_TARGET_NAME = "Reading Tracker";
			};
			name = Debug;
		};
		CA272B522FE04E920031387F /* Release */ = {
			isa = XCBuildConfiguration;
			buildSettings = {
				CODE_SIGN_STYLE = Automatic;
				CURRENT_PROJECT_VERSION = 1;
				GENERATE_INFOPLIST_FILE = YES;
				MARKETING_VERSION = 1.0;
				PRODUCT_BUNDLE_IDENTIFIER = "johan.Reading-TrackerUITests";
				PRODUCT_NAME = "$(TARGET_NAME)";
				STRING_CATALOG_GENERATE_SYMBOLS = NO;
				SWIFT_APPROACHABLE_CONCURRENCY = YES;
				SWIFT_EMIT_LOC_STRINGS = NO;
				SWIFT_UPCOMING_FEATURE_MEMBER_IMPORT_VISIBILITY = YES;
				SWIFT_VERSION = 5.0;
				TEST_TARGET_NAME = "Reading Tracker";
			};
			name = Release;
		};
/* End XCBuildConfiguration section */

/* Begin XCConfigurationList section */
		CA272B222FE04E910031387F /* Build configuration list for PBXProject "Reading Tracker" */ = {
			isa = XCConfigurationList;
			buildConfigurations = (
				CA272B482FE04E920031387F /* Debug */,
				CA272B492FE04E920031387F /* Release */,
			);
			defaultConfigurationIsVisible = 0;
			defaultConfigurationName = Release;
		};
		CA272B4A2FE04E920031387F /* Build configuration list for PBXNativeTarget "Reading Tracker" */ = {
			isa = XCConfigurationList;
			buildConfigurations = (
				CA272B4B2FE04E920031387F /* Debug */,
				CA272B4C2FE04E920031387F /* Release */,
			);
			defaultConfigurationIsVisible = 0;
			defaultConfigurationName = Release;
		};
		CA272B4D2FE04E920031387F /* Build configuration list for PBXNativeTarget "Reading TrackerTests" */ = {
			isa = XCConfigurationList;
			buildConfigurations = (
				CA272B4E2FE04E920031387F /* Debug */,
				CA272B4F2FE04E920031387F /* Release */,
			);
			defaultConfigurationIsVisible = 0;
			defaultConfigurationName = Release;
		};
		CA272B502FE04E920031387F /* Build configuration list for PBXNativeTarget "Reading TrackerUITests" */ = {
			isa = XCConfigurationList;
			buildConfigurations = (
				CA272B512FE04E920031387F /* Debug */,
				CA272B522FE04E920031387F /* Release */,
			);
			defaultConfigurationIsVisible = 0;
			defaultConfigurationName = Release;
		};
/* End XCConfigurationList section */

/* Begin XCRemoteSwiftPackageReference section */
		CA272B642FE05F8D0031387F /* XCRemoteSwiftPackageReference "ZIPFoundation" */ = {
			isa = XCRemoteSwiftPackageReference;
			repositoryURL = "https://github.com/weichsel/ZIPFoundation";
			requirement = {
				kind = upToNextMajorVersion;
				minimumVersion = 0.9.20;
			};
		};
/* End XCRemoteSwiftPackageReference section */

/* Begin XCSwiftPackageProductDependency section */
		CA272B652FE05F8D0031387F /* ZIPFoundation */ = {
			isa = XCSwiftPackageProductDependency;
			package = CA272B642FE05F8D0031387F /* XCRemoteSwiftPackageReference "ZIPFoundation" */;
			productName = ZIPFoundation;
		};
/* End XCSwiftPackageProductDependency section */
	};
	rootObject = CA272B1F2FE04E910031387F /* Project object */;
}
